// !$*UTF8*$!
{
	archiveVersion = 1;
	classes = {
	};
	objectVersion = 46;
	objects = {

/* Begin PBXBuildFile section */
		9F9D20731EE21A7800EE2E5C /* AppDelegate.swift in Sources */ = {isa = PBXBuildFile; fileRef = 9F9D20721EE21A7800EE2E5C /* AppDelegate.swift */; };
		9F9D20781EE21A7800EE2E5C /* Main.storyboard in Resources */ = {isa = PBXBuildFile; fileRef = 9F9D20761EE21A7800EE2E5C /* Main.storyboard */; };
		9F9D207A1EE21A7800EE2E5C /* Assets.xcassets in Resources */ = {isa = PBXBuildFile; fileRef = 9F9D20791EE21A7800EE2E5C /* Assets.xcassets */; };
		9F9D207D1EE21A7800EE2E5C /* LaunchScreen.storyboard in Resources */ = {isa = PBXBuildFile; fileRef = 9F9D207B1EE21A7800EE2E5C /* LaunchScreen.storyboard */; };
		9FB393851EF1E9A300C3017A /* PieChartView.swift in Sources */ = {isa = PBXBuildFile; fileRef = 9FB393841EF1E9A300C3017A /* PieChartView.swift */; };
		9FE599411EF08B7C0030E94E /* PieChartViewController.swift in Sources */ = {isa = PBXBuildFile; fileRef = 9FE599401EF08B7C0030E94E /* PieChartViewController.swift */; };
/* End PBXBuildFile section */

/* Begin PBXFileReference section */
		9F9D206F1EE21A7800EE2E5C /* PieChartViewExample.app */ = {isa = PBXFileReference; explicitFileType = wrapper.application; includeInIndex = 0; path = PieChartViewExample.app; sourceTree = BUILT_PRODUCTS_DIR; };
		9F9D20721EE21A7800EE2E5C /* AppDelegate.swift */ = {isa = PBXFileReference; lastKnownFileType = sourcecode.swift; path = AppDelegate.swift; sourceTree = "<group>"; };
		9F9D20771EE21A7800EE2E5C /* Base */ = {isa = PBXFileReference; lastKnownFileType = file.storyboard; name = Base; path = Base.lproj/Main.storyboard; sourceTree = "<group>"; };
		9F9D20791EE21A7800EE2E5C /* Assets.xcassets */ = {isa = PBXFileReference; lastKnownFileType = folder.assetcatalog; path = Assets.xcassets; sourceTree = "<group>"; };
		9F9D207C1EE21A7800EE2E5C /* Base */ = {isa = PBXFileReference; lastKnownFileType = file.storyboard; name = Base; path = Base.lproj/LaunchScreen.storyboard; sourceTree = "<group>"; };
		9F9D207E1EE21A7800EE2E5C /* Info.plist */ = {isa = PBXFileReference; lastKnownFileType = text.plist.xml; path = Info.plist; sourceTree = "<group>"; };
		9FB393841EF1E9A300C3017A /* PieChartView.swift */ = {isa = PBXFileReference; fileEncoding = 4; lastKnownFileType = sourcecode.swift; path = PieChartView.swift; sourceTree = "<group>"; };
		9FE599401EF08B7C0030E94E /* PieChartViewController.swift */ = {isa = PBXFileReference; fileEncoding = 4; lastKnownFileType = sourcecode.swift; path = PieChartViewController.swift; sourceTree = "<group>"; };
/* End PBXFileReference section */

/* Begin PBXFrameworksBuildPhase section */
		9F9D206C1EE21A7800EE2E5C /* Frameworks */ = {
			isa = PBXFrameworksBuildPhase;
			buildActionMask = 2147483647;
			files = (
			);
			runOnlyForDeploymentPostprocessing = 0;
		};
/* End PBXFrameworksBuildPhase section */

/* Begin PBXGroup section */
		9F9D20661EE21A7800EE2E5C = {
			isa = PBXGroup;
			children = (
				9F9D20711EE21A7800EE2E5C /* PieChartViewExample */,
				9F9D20701EE21A7800EE2E5C /* Products */,
			);
			sourceTree = "<group>";
		};
		9F9D20701EE21A7800EE2E5C /* Products */ = {
			isa = PBXGroup;
			children = (
				9F9D206F1EE21A7800EE2E5C /* PieChartViewExample.app */,
			);
			name = Products;
			sourceTree = "<group>";
		};
		9F9D20711EE21A7800EE2E5C /* PieChartViewExample */ = {
			isa = PBXGroup;
			children = (
				9F9D20721EE21A7800EE2E5C /* AppDelegate.swift */,
				9FE599401EF08B7C0030E94E /* PieChartViewController.swift */,
				9FB393841EF1E9A300C3017A /* PieChartView.swift */,
				9F9D20761EE21A7800EE2E5C /* Main.storyboard */,
				9F9D20791EE21A7800EE2E5C /* Assets.xcassets */,
				9F9D207B1EE21A7800EE2E5C /* LaunchScreen.storyboard */,
				9F9D207E1EE21A7800EE2E5C /* Info.plist */,
			);
			path = PieChartViewExample;
			sourceTree = "<group>";
		};
/* End PBXGroup section */

/* Begin PBXNativeTarget section */
		9F9D206E1EE21A7800EE2E5C /* PieChartViewExample */ = {
			isa = PBXNativeTarget;
			buildConfigurationList = 9F9D20811EE21A7800EE2E5C /* Build configuration list for PBXNativeTarget "PieChartViewExample" */;
			buildPhases = (
				9F9D206B1EE21A7800EE2E5C /* Sources */,
				9F9D206C1EE21A7800EE2E5C /* Frameworks */,
				9F9D206D1EE21A7800EE2E5C /* Resources */,
			);
			buildRules = (
			);
			dependencies = (
			);
			name = PieChartViewExample;
			productName = "DrawRect Test";
			productReference = 9F9D206F1EE21A7800EE2E5C /* PieChartViewExample.app */;
			productType = "com.apple.product-type.application";
		};
/* End PBXNativeTarget section */

/* Begin PBXProject section */
		9F9D20671EE21A7800EE2E5C /* Project object */ = {
			isa = PBXProject;
			attributes = {
				LastSwiftUpdateCheck = 0830;
				LastUpgradeCheck = 0830;
				ORGANIZATIONNAME = "Ted Gao";
				TargetAttributes = {
					9F9D206E1EE21A7800EE2E5C = {
						CreatedOnToolsVersion = 8.3.2;
						ProvisioningStyle = Automatic;
					};
				};
			};
			buildConfigurationList = 9F9D206A1EE21A7800EE2E5C /* Build configuration list for PBXProject "PieChartViewExample" */;
			compatibilityVersion = "Xcode 3.2";
			developmentRegion = English;
			hasScannedForEncodings = 0;
			knownRegions = (
				en,
				Base,
			);
			mainGroup = 9F9D20661EE21A7800EE2E5C;
			productRefGroup = 9F9D20701EE21A7800EE2E5C /* Products */;
			projectDirPath = "";
			projectRoot = "";
			targets = (
				9F9D206E1EE21A7800EE2E5C /* PieChartViewExample */,
			);
		};
/* End PBXProject section */

/* Begin PBXResourcesBuildPhase section */
		9F9D206D1EE21A7800EE2E5C /* Resources */ = {
			isa = PBXResourcesBuildPhase;
			buildActionMask = 2147483647;
			files = (
				9F9D207D1EE21A7800EE2E5C /* LaunchScreen.storyboard in Resources */,
				9F9D207A1EE21A7800EE2E5C /* Assets.xcassets in Resources */,
				9F9D20781EE21A7800EE2E5C /* Main.storyboard in Resources */,
			);
			runOnlyForDeploymentPostprocessing = 0;
		};
/* End PBXResourcesBuildPhase section */

/* Begin PBXSourcesBuildPhase section */
		9F9D206B1EE21A7800EE2E5C /* Sources */ = {
			isa = PBXSourcesBuildPhase;
			buildActionMask = 2147483647;
			files = (
				9FB393851EF1E9A300C3017A /* PieChartView.swift in Sources */,
				9FE599411EF08B7C0030E94E /* PieChartViewController.swift in Sources */,
				9F9D20731EE21A7800EE2E5C /* AppDelegate.swift in Sources */,
			);
			runOnlyForDeploymentPostprocessing = 0;
		};
/* End PBXSourcesBuildPhase section */

/* Begin PBXVariantGroup section */
		9F9D20761EE21A7800EE2E5C /* Main.storyboard */ = {
			isa = PBXVariantGroup;
			children = (
				9F9D20771EE21A7800EE2E5C /* Base */,
			);
			name = Main.storyboard;
			sourceTree = "<group>";
		};
		9F9D207B1EE21A7800EE2E5C /* LaunchScreen.storyboard */ = {
			isa = PBXVariantGroup;
			children = (
				9F9D207C1EE21A7800EE2E5C /* Base */,
			);
			name = LaunchScreen.storyboard;
			sourceTree = "<group>";
		};
/* End PBXVariantGroup section */

/* Begin XCBuildConfiguration section */
		9F9D207F1EE21A7800EE2E5C /* Debug */ = {
			isa = XCBuildConfiguration;
			buildSettings = {
				ALWAYS_SEARCH_USER_PATHS = NO;
				CLANG_ANALYZER_NONNULL = YES;
				CLANG_ANALYZER_NUMBER_OBJECT_CONVERSION = YES_AGGRESSIVE;
				CLANG_CXX_LANGUAGE_STANDARD = "gnu++0x";
				CLANG_CXX_LIBRARY = "libc++";
				CLANG_ENABLE_MODULES = YES;
				CLANG_ENABLE_OBJC_ARC = YES;
				CLANG_WARN_BOOL_CONVERSION = YES;
				CLANG_WARN_CONSTANT_CONVERSION = YES;
				CLANG_WARN_DIRECT_OBJC_ISA_USAGE = YES_ERROR;
				CLANG_WARN_DOCUMENTATION_COMMENTS = YES;
				CLANG_WARN_EMPTY_BODY = YES;
				CLANG_WARN_ENUM_CONVERSION = YES;
				CLANG_WARN_INFINITE_RECURSION = YES;
				CLANG_WARN_INT_CONVERSION = YES;
				CLANG_WARN_OBJC_ROOT_CLASS = YES_ERROR;
				CLANG_WARN_SUSPICIOUS_MOVE = YES;
				CLANG_WARN_UNREACHABLE_CODE = YES;
				CLANG_WARN__DUPLICATE_METHOD_MATCH = YES;
				"CODE_SIGN_IDENTITY[sdk=iphoneos*]" = "iPhone Developer";
				COPY_PHASE_STRIP = NO;
				DEBUG_INFORMATION_FORMAT = dwarf;
				ENABLE_STRICT_OBJC_MSGSEND = YES;
				ENABLE_TESTABILITY = YES;
				GCC_C_LANGUAGE_STANDARD = gnu99;
				GCC_DYNAMIC_NO_PIC = NO;
				GCC_NO_COMMON_BLOCKS = YES;
				GCC_OPTIMIZATION_LEVEL = 0;
				GCC_PREPROCESSOR_DEFINITIONS = (
					"DEBUG=1",
					"$(inherited)",
				);
				GCC_WARN_64_TO_32_BIT_CONVERSION = YES;
				GCC_WARN_ABOUT_RETURN_TYPE = YES_ERROR;
				GCC_WARN_UNDECLARED_SELECTOR = YES;
				GCC_WARN_UNINITIALIZED_AUTOS = YES_AGGRESSIVE;
				GCC_WARN_UNUSED_FUNCTION = YES;
				GCC_WARN_UNUSED_VARIABLE = YES;
				IPHONEOS_DEPLOYMENT_TARGET = 10.0;
				MTL_ENABLE_DEBUG_INFO = YES;
				ONLY_ACTIVE_ARCH = YES;
				SDKROOT = iphoneos;
				SWIFT_ACTIVE_COMPILATION_CONDITIONS = DEBUG;
				SWIFT_OPTIMIZATION_LEVEL = "-Onone";
				TARGETED_DEVICE_FAMILY = "1,2";
			};
			name = Debug;
		};
		9F9D20801EE21A7800EE2E5C /* Release */ = {
			isa = XCBuildConfiguration;
			buildSettings = {
				ALWAYS_SEARCH_USER_PATHS = NO;
				CLANG_ANALYZER_NONNULL = YES;
				CLANG_ANALYZER_NUMBER_OBJECT_CONVERSION = YES_AGGRESSIVE;
				CLANG_CXX_LANGUAGE_STANDARD = "gnu++0x";
				CLANG_CXX_LIBRARY = "libc++";
				CLANG_ENABLE_MODULES = YES;
				CLANG_ENABLE_OBJC_ARC = YES;
				CLANG_WARN_BOOL_CONVERSION = YES;
				CLANG_WARN_CONSTANT_CONVERSION = YES;
				CLANG_WARN_DIRECT_OBJC_ISA_USAGE = YES_ERROR;
				CLANG_WARN_DOCUMENTATION_COMMENTS = YES;
				CLANG_WARN_EMPTY_BODY = YES;
				CLANG_WARN_ENUM_CONVERSION = YES;
				CLANG_WARN_INFINITE_RECURSION = YES;
				CLANG_WARN_INT_CONVERSION = YES;
				CLANG_WARN_OBJC_ROOT_CLASS = YES_ERROR;
				CLANG_WARN_SUSPICIOUS_MOVE = YES;
				CLANG_WARN_UNREACHABLE_CODE = YES;
				CLANG_WARN__DUPLICATE_METHOD_MATCH = YES;
				"CODE_SIGN_IDENTITY[sdk=iphoneos*]" = "iPhone Developer";
				COPY_PHASE_STRIP = NO;
				DEBUG_INFORMATION_FORMAT = "dwarf-with-dsym";
				ENABLE_NS_ASSERTIONS = NO;
				ENABLE_STRICT_OBJC_MSGSEND = YES;
				GCC_C_LANGUAGE_STANDARD = gnu99;
				GCC_NO_COMMON_BLOCKS = YES;
				GCC_WARN_64_TO_32_BIT_CONVERSION = YES;
				GCC_WARN_ABOUT_RETURN_TYPE = YES_ERROR;
				GCC_WARN_UNDECLARED_SELECTOR = YES;
				GCC_WARN_UNINITIALIZED_AUTOS = YES_AGGRESSIVE;
				GCC_WARN_UNUSED_FUNCTION = YES;
				GCC_WARN_UNUSED_VARIABLE = YES;
				IPHONEOS_DEPLOYMENT_TARGET = 10.0;
				MTL_ENABLE_DEBUG_INFO = NO;
				SDKROOT = iphoneos;
				SWIFT_OPTIMIZATION_LEVEL = "-Owholemodule";
				TARGETED_DEVICE_FAMILY = "1,2";
				VALIDATE_PRODUCT = YES;
			};
			name = Release;
		};
		9F9D20821EE21A7800EE2E5C /* Debug */ = {
			isa = XCBuildConfiguration;
			buildSettings = {
				ASSETCATALOG_COMPILER_APPICON_NAME = AppIcon;
				DEVELOPMENT_TEAM = "";
				INFOPLIST_FILE = PieChartViewExample/Info.plist;
				IPHONEOS_DEPLOYMENT_TARGET = 10.0;
				LD_RUNPATH_SEARCH_PATHS = "$(inherited) @executable_path/Frameworks";
				PRODUCT_BUNDLE_IDENTIFIER = com.curisious.PieChartViewExample;
				PRODUCT_NAME = "$(TARGET_NAME)";
				SWIFT_VERSION = 3.0;
			};
			name = Debug;
		};
		9F9D20831EE21A7800EE2E5C /* Release */ = {
			isa = XCBuildConfiguration;
			buildSettings = {
				ASSETCATALOG_COMPILER_APPICON_NAME = AppIcon;
				DEVELOPMENT_TEAM = "";
				INFOPLIST_FILE = PieChartViewExample/Info.plist;
				IPHONEOS_DEPLOYMENT_TARGET = 10.0;
				LD_RUNPATH_SEARCH_PATHS = "$(inherited) @executable_path/Frameworks";
				PRODUCT_BUNDLE_IDENTIFIER = com.curisious.PieChartViewExample;
				PRODUCT_NAME = "$(TARGET_NAME)";
				SWIFT_VERSION = 3.0;
			};
			name = Release;
		};
/* End XCBuildConfiguration section */

/* Begin XCConfigurationList section */
		9F9D206A1EE21A7800EE2E5C /* Build configuration list for PBXProject "PieChartViewExample" */ = {
			isa = XCConfigurationList;
			buildConfigurations = (
				9F9D207F1EE21A7800EE2E5C /* Debug */,
				9F9D20801EE21A7800EE2E5C /* Release */,
			);
			defaultConfigurationIsVisible = 0;
			defaultConfigurationName = Release;
		};
		9F9D20811EE21A7800EE2E5C /* Build configuration list for PBXNativeTarget "PieChartViewExample" */ = {
			isa = XCConfigurationList;
			buildConfigurations = (
				9F9D20821EE21A7800EE2E5C /* Debug */,
				9F9D20831EE21A7800EE2E5C /* Release */,
			);
			defaultConfigurationIsVisible = 0;
			defaultConfigurationName = Release;
		};
/* End XCConfigurationList section */
	};
	rootObject = 9F9D20671EE21A7800EE2E5C /* Project object */;
}
